
Microsoft Visual Studio Solution File, Format Version 12.00
# Visual Studio 15
VisualStudioVersion = 15.0.28010.2041
MinimumVisualStudioVersion = 10.0.40219.1
Project("{FAE04EC0-301F-11D3-BF4B-00C04F79EFBC}") = "TestLoginDemo", "TestLoginDemo\TestLoginDemo.csproj", "{D7090525-6E0B-43EB-863E-5C543B33CCF5}"
EndProject
Global
	GlobalSection(SolutionConfigurationPlatforms) = preSolution
		Debug|Any CPU = Debug|Any CPU
		Release|Any CPU = Release|Any CPU
	EndGlobalSection
	GlobalSection(ProjectConfigurationPlatforms) = postSolution
		{D7090525-6E0B-43EB-863E-5C543B33CCF5}.Debug|Any CPU.ActiveCfg = Debug|Any CPU
		{D7090525-6E0B-43EB-863E-5C543B33CCF5}.Debug|Any CPU.Build.0 = Debug|Any CPU
		{D7090525-6E0B-43EB-863E-5C543B33CCF5}.Release|Any CPU.ActiveCfg = Release|Any CPU
		{D7090525-6E0B-43EB-863E-5C543B33CCF5}.Release|Any CPU.Build.0 = Release|Any CPU
	EndGlobalSection
	GlobalSection(SolutionProperties) = preSolution
		HideSolutionNode = FALSE
	EndGlobalSection
	GlobalSection(ExtensibilityGlobals) = postSolution
		SolutionGuid = {FFD56B7C-5D4C-4D69-B6EB-DE3FF53113B2}
	EndGlobalSection
EndGlobal
